// !$*UTF8*$!
{
	archiveVersion = 1;
	classes = {
	};
	objectVersion = 46;
	objects = {

/* Begin PBXBuildFile section */
		596F72E21CE634720093A6BC /* AppDelegate.swift in Sources */ = {isa = PBXBuildFile; fileRef = 596F72E11CE634720093A6BC /* AppDelegate.swift */; };
		596F72E71CE634730093A6BC /* Main.storyboard in Resources */ = {isa = PBXBuildFile; fileRef = 596F72E51CE634730093A6BC /* Main.storyboard */; };
		596F72E91CE634730093A6BC /* Assets.xcassets in Resources */ = {isa = PBXBuildFile; fileRef = 596F72E81CE634730093A6BC /* Assets.xcassets */; };
		596F72EC1CE634730093A6BC /* LaunchScreen.storyboard in Resources */ = {isa = PBXBuildFile; fileRef = 596F72EA1CE634730093A6BC /* LaunchScreen.storyboard */; };
		596F72F71CE634730093A6BC /* AliceTests.swift in Sources */ = {isa = PBXBuildFile; fileRef = 596F72F61CE634730093A6BC /* AliceTests.swift */; };
		59A7CF211CE6786A00B14C56 /* ExamTableViewController.swift in Sources */ = {isa = PBXBuildFile; fileRef = 59A7CF201CE6786A00B14C56 /* ExamTableViewController.swift */; };
		59A7CF231CE678DB00B14C56 /* ExamListTableViewController.swift in Sources */ = {isa = PBXBuildFile; fileRef = 59A7CF221CE678DB00B14C56 /* ExamListTableViewController.swift */; };
		59A7CF271CE6794400B14C56 /* ExamListTableViewCell.swift in Sources */ = {isa = PBXBuildFile; fileRef = 59A7CF251CE6794400B14C56 /* ExamListTableViewCell.swift */; };
		59A7CF281CE6794400B14C56 /* ExamListTableViewCell.xib in Resources */ = {isa = PBXBuildFile; fileRef = 59A7CF261CE6794400B14C56 /* ExamListTableViewCell.xib */; };
		59A7CF341CE67F4B00B14C56 /* Form.swift in Sources */ = {isa = PBXBuildFile; fileRef = 59A7CF331CE67F4B00B14C56 /* Form.swift */; };
		59A7CF361CE67F8600B14C56 /* Question.swift in Sources */ = {isa = PBXBuildFile; fileRef = 59A7CF351CE67F8600B14C56 /* Question.swift */; };
		59A7CF381CE67FC500B14C56 /* Alternative.swift in Sources */ = {isa = PBXBuildFile; fileRef = 59A7CF371CE67FC500B14C56 /* Alternative.swift */; };
		59A7CF3A1CE67FF800B14C56 /* Answer.swift in Sources */ = {isa = PBXBuildFile; fileRef = 59A7CF391CE67FF800B14C56 /* Answer.swift */; };
		59A7CF3C1CE6813600B14C56 /* BaseTableViewController.swift in Sources */ = {isa = PBXBuildFile; fileRef = 59A7CF3B1CE6813600B14C56 /* BaseTableViewController.swift */; };
		59A7CF3F1CE684A200B14C56 /* ExamQuestionTableViewCell.swift in Sources */ = {isa = PBXBuildFile; fileRef = 59A7CF3D1CE684A200B14C56 /* ExamQuestionTableViewCell.swift */; };
		59A7CF401CE684A200B14C56 /* ExamQuestionTableViewCell.xib in Resources */ = {isa = PBXBuildFile; fileRef = 59A7CF3E1CE684A200B14C56 /* ExamQuestionTableViewCell.xib */; };
		59A7CF461CE6A0F800B14C56 /* ExamResultViewController.swift in Sources */ = {isa = PBXBuildFile; fileRef = 59A7CF451CE6A0F800B14C56 /* ExamResultViewController.swift */; };
		6FA033F1D584F1FEAF2A2463 /* Pods_Alice.framework in Frameworks */ = {isa = PBXBuildFile; fileRef = CD13F3493A7A86FA86CE0278 /* Pods_Alice.framework */; };
/* End PBXBuildFile section */

/* Begin PBXContainerItemProxy section */
		596F72F31CE634730093A6BC /* PBXContainerItemProxy */ = {
			isa = PBXContainerItemProxy;
			containerPortal = 596F72D61CE634720093A6BC /* Project object */;
			proxyType = 1;
			remoteGlobalIDString = 596F72DD1CE634720093A6BC;
			remoteInfo = Alice;
		};
/* End PBXContainerItemProxy section */

/* Begin PBXFileReference section */
		596F72DE1CE634720093A6BC /* Alice.app */ = {isa = PBXFileReference; explicitFileType = wrapper.application; includeInIndex = 0; path = Alice.app; sourceTree = BUILT_PRODUCTS_DIR; };
		596F72E11CE634720093A6BC /* AppDelegate.swift */ = {isa = PBXFileReference; lastKnownFileType = sourcecode.swift; path = AppDelegate.swift; sourceTree = "<group>"; };
		596F72E61CE634730093A6BC /* Base */ = {isa = PBXFileReference; lastKnownFileType = file.storyboard; name = Base; path = Base.lproj/Main.storyboard; sourceTree = "<group>"; };
		596F72E81CE634730093A6BC /* Assets.xcassets */ = {isa = PBXFileReference; lastKnownFileType = folder.assetcatalog; path = Assets.xcassets; sourceTree = "<group>"; };
		596F72EB1CE634730093A6BC /* Base */ = {isa = PBXFileReference; lastKnownFileType = file.storyboard; name = Base; path = Base.lproj/LaunchScreen.storyboard; sourceTree = "<group>"; };
		596F72ED1CE634730093A6BC /* Info.plist */ = {isa = PBXFileReference; lastKnownFileType = text.plist.xml; path = Info.plist; sourceTree = "<group>"; };
		596F72F21CE634730093A6BC /* AliceTests.xctest */ = {isa = PBXFileReference; explicitFileType = wrapper.cfbundle; includeInIndex = 0; path = AliceTests.xctest; sourceTree = BUILT_PRODUCTS_DIR; };
		596F72F61CE634730093A6BC /* AliceTests.swift */ = {isa = PBXFileReference; lastKnownFileType = sourcecode.swift; path = AliceTests.swift; sourceTree = "<group>"; };
		596F72F81CE634730093A6BC /* Info.plist */ = {isa = PBXFileReference; lastKnownFileType = text.plist.xml; path = Info.plist; sourceTree = "<group>"; };
		59A7CF201CE6786A00B14C56 /* ExamTableViewController.swift */ = {isa = PBXFileReference; fileEncoding = 4; lastKnownFileType = sourcecode.swift; name = ExamTableViewController.swift; path = ViewController/ExamTableViewController.swift; sourceTree = "<group>"; };
		59A7CF221CE678DB00B14C56 /* ExamListTableViewController.swift */ = {isa = PBXFileReference; fileEncoding = 4; lastKnownFileType = sourcecode.swift; path = ExamListTableViewController.swift; sourceTree = "<group>"; };
		59A7CF251CE6794400B14C56 /* ExamListTableViewCell.swift */ = {isa = PBXFileReference; fileEncoding = 4; lastKnownFileType = sourcecode.swift; name = ExamListTableViewCell.swift; path = TableCell/ExamListTableViewCell.swift; sourceTree = "<group>"; };
		59A7CF261CE6794400B14C56 /* ExamListTableViewCell.xib */ = {isa = PBXFileReference; fileEncoding = 4; lastKnownFileType = file.xib; name = ExamListTableViewCell.xib; path = TableCell/ExamListTableViewCell.xib; sourceTree = "<group>"; };
		59A7CF331CE67F4B00B14C56 /* Form.swift */ = {isa = PBXFileReference; fileEncoding = 4; lastKnownFileType = sourcecode.swift; name = Form.swift; path = Model/Form.swift; sourceTree = "<group>"; };
		59A7CF351CE67F8600B14C56 /* Question.swift */ = {isa = PBXFileReference; fileEncoding = 4; lastKnownFileType = sourcecode.swift; name = Question.swift; path = Model/Question.swift; sourceTree = "<group>"; };
		59A7CF371CE67FC500B14C56 /* Alternative.swift */ = {isa = PBXFileReference; fileEncoding = 4; lastKnownFileType = sourcecode.swift; name = Alternative.swift; path = Model/Alternative.swift; sourceTree = "<group>"; };
		59A7CF391CE67FF800B14C56 /* Answer.swift */ = {isa = PBXFileReference; fileEncoding = 4; lastKnownFileType = sourcecode.swift; name = Answer.swift; path = Model/Answer.swift; sourceTree = "<group>"; };
		59A7CF3B1CE6813600B14C56 /* BaseTableViewController.swift */ = {isa = PBXFileReference; fileEncoding = 4; lastKnownFileType = sourcecode.swift; name = BaseTableViewController.swift; path = ViewController/BaseTableViewController.swift; sourceTree = "<group>"; };
		59A7CF3D1CE684A200B14C56 /* ExamQuestionTableViewCell.swift */ = {isa = PBXFileReference; fileEncoding = 4; lastKnownFileType = sourcecode.swift; name = ExamQuestionTableViewCell.swift; path = TableCell/ExamQuestionTableViewCell.swift; sourceTree = "<group>"; };
		59A7CF3E1CE684A200B14C56 /* ExamQuestionTableViewCell.xib */ = {isa = PBXFileReference; fileEncoding = 4; lastKnownFileType = file.xib; name = ExamQuestionTableViewCell.xib; path = TableCell/ExamQuestionTableViewCell.xib; sourceTree = "<group>"; };
		59A7CF451CE6A0F800B14C56 /* ExamResultViewController.swift */ = {isa = PBXFileReference; fileEncoding = 4; lastKnownFileType = sourcecode.swift; name = ExamResultViewController.swift; path = ViewController/ExamResultViewController.swift; sourceTree = "<group>"; };
		94D365B9E592CB33EAD81A7B /* Pods-Alice.debug.xcconfig */ = {isa = PBXFileReference; includeInIndex = 1; lastKnownFileType = text.xcconfig; name = "Pods-Alice.debug.xcconfig"; path = "Pods/Target Support Files/Pods-Alice/Pods-Alice.debug.xcconfig"; sourceTree = "<group>"; };
		968E191A102ADC34C438AA8F /* Pods-Alice.release.xcconfig */ = {isa = PBXFileReference; includeInIndex = 1; lastKnownFileType = text.xcconfig; name = "Pods-Alice.release.xcconfig"; path = "Pods/Target Support Files/Pods-Alice/Pods-Alice.release.xcconfig"; sourceTree = "<group>"; };
		CD13F3493A7A86FA86CE0278 /* Pods_Alice.framework */ = {isa = PBXFileReference; explicitFileType = wrapper.framework; includeInIndex = 0; path = Pods_Alice.framework; sourceTree = BUILT_PRODUCTS_DIR; };
/* End PBXFileReference section */

/* Begin PBXFrameworksBuildPhase section */
		596F72DB1CE634720093A6BC /* Frameworks */ = {
			isa = PBXFrameworksBuildPhase;
			buildActionMask = 2147483647;
			files = (
				6FA033F1D584F1FEAF2A2463 /* Pods_Alice.framework in Frameworks */,
			);
			runOnlyForDeploymentPostprocessing = 0;
		};
		596F72EF1CE634730093A6BC /* Frameworks */ = {
			isa = PBXFrameworksBuildPhase;
			buildActionMask = 2147483647;
			files = (
			);
			runOnlyForDeploymentPostprocessing = 0;
		};
/* End PBXFrameworksBuildPhase section */

/* Begin PBXGroup section */
		0A94BCB0D677F384F3A5815A /* Frameworks */ = {
			isa = PBXGroup;
			children = (
				CD13F3493A7A86FA86CE0278 /* Pods_Alice.framework */,
			);
			name = Frameworks;
			sourceTree = "<group>";
		};
		596F72D51CE634720093A6BC = {
			isa = PBXGroup;
			children = (
				596F72E01CE634720093A6BC /* Alice */,
				596F72F51CE634730093A6BC /* AliceTests */,
				596F72DF1CE634720093A6BC /* Products */,
				881BCFDD932FB999FE7D4015 /* Pods */,
				0A94BCB0D677F384F3A5815A /* Frameworks */,
			);
			sourceTree = "<group>";
		};
		596F72DF1CE634720093A6BC /* Products */ = {
			isa = PBXGroup;
			children = (
				596F72DE1CE634720093A6BC /* Alice.app */,
				596F72F21CE634730093A6BC /* AliceTests.xctest */,
			);
			name = Products;
			sourceTree = "<group>";
		};
		596F72E01CE634720093A6BC /* Alice */ = {
			isa = PBXGroup;
			children = (
				59A7CF321CE67F3800B14C56 /* Model */,
				596F72ED1CE634730093A6BC /* Info.plist */,
				596F72E11CE634720093A6BC /* AppDelegate.swift */,
				596F72E81CE634730093A6BC /* Assets.xcassets */,
				59A7CF471CE6A20900B14C56 /* Storyboard */,
				59A7CF311CE6797200B14C56 /* TableCell */,
				59A7CF241CE6791500B14C56 /* ViewController */,
			);
			path = Alice;
			sourceTree = "<group>";
		};
		596F72F51CE634730093A6BC /* AliceTests */ = {
			isa = PBXGroup;
			children = (
				596F72F61CE634730093A6BC /* AliceTests.swift */,
				596F72F81CE634730093A6BC /* Info.plist */,
			);
			path = AliceTests;
			sourceTree = "<group>";
		};
		59A7CF241CE6791500B14C56 /* ViewController */ = {
			isa = PBXGroup;
			children = (
				59A7CF451CE6A0F800B14C56 /* ExamResultViewController.swift */,
				59A7CF221CE678DB00B14C56 /* ExamListTableViewController.swift */,
				59A7CF201CE6786A00B14C56 /* ExamTableViewController.swift */,
				59A7CF3B1CE6813600B14C56 /* BaseTableViewController.swift */,
			);
			name = ViewController;
			sourceTree = "<group>";
		};
		59A7CF311CE6797200B14C56 /* TableCell */ = {
			isa = PBXGroup;
			children = (
				59A7CF251CE6794400B14C56 /* ExamListTableViewCell.swift */,
				59A7CF261CE6794400B14C56 /* ExamListTableViewCell.xib */,
				59A7CF3D1CE684A200B14C56 /* ExamQuestionTableViewCell.swift */,
				59A7CF3E1CE684A200B14C56 /* ExamQuestionTableViewCell.xib */,
			);
			name = TableCell;
			sourceTree = "<group>";
		};
		59A7CF321CE67F3800B14C56 /* Model */ = {
			isa = PBXGroup;
			children = (
				59A7CF331CE67F4B00B14C56 /* Form.swift */,
				59A7CF351CE67F8600B14C56 /* Question.swift */,
				59A7CF371CE67FC500B14C56 /* Alternative.swift */,
				59A7CF391CE67FF800B14C56 /* Answer.swift */,
			);
			name = Model;
			sourceTree = "<group>";
		};
		59A7CF471CE6A20900B14C56 /* Storyboard */ = {
			isa = PBXGroup;
			children = (
				596F72EA1CE634730093A6BC /* LaunchScreen.storyboard */,
				596F72E51CE634730093A6BC /* Main.storyboard */,
			);
			name = Storyboard;
			sourceTree = "<group>";
		};
		881BCFDD932FB999FE7D4015 /* Pods */ = {
			isa = PBXGroup;
			children = (
				94D365B9E592CB33EAD81A7B /* Pods-Alice.debug.xcconfig */,
				968E191A102ADC34C438AA8F /* Pods-Alice.release.xcconfig */,
			);
			name = Pods;
			sourceTree = "<group>";
		};
/* End PBXGroup section */

/* Begin PBXNativeTarget section */
		596F72DD1CE634720093A6BC /* Alice */ = {
			isa = PBXNativeTarget;
			buildConfigurationList = 596F72FB1CE634730093A6BC /* Build configuration list for PBXNativeTarget "Alice" */;
			buildPhases = (
				E870DC528E8ACBBAA0817623 /* Check Pods Manifest.lock */,
				596F72DA1CE634720093A6BC /* Sources */,
				596F72DB1CE634720093A6BC /* Frameworks */,
				596F72DC1CE634720093A6BC /* Resources */,
				581CD1BFBDFCC0D2F1C582DF /* Embed Pods Frameworks */,
				CA31ACC250BAE8A38E620EB1 /* Copy Pods Resources */,
			);
			buildRules = (
			);
			dependencies = (
			);
			name = Alice;
			productName = Alice;
			productReference = 596F72DE1CE634720093A6BC /* Alice.app */;
			productType = "com.apple.product-type.application";
		};
		596F72F11CE634730093A6BC /* AliceTests */ = {
			isa = PBXNativeTarget;
			buildConfigurationList = 596F72FE1CE634730093A6BC /* Build configuration list for PBXNativeTarget "AliceTests" */;
			buildPhases = (
				596F72EE1CE634730093A6BC /* Sources */,
				596F72EF1CE634730093A6BC /* Frameworks */,
				596F72F01CE634730093A6BC /* Resources */,
			);
			buildRules = (
			);
			dependencies = (
				596F72F41CE634730093A6BC /* PBXTargetDependency */,
			);
			name = AliceTests;
			productName = AliceTests;
			productReference = 596F72F21CE634730093A6BC /* AliceTests.xctest */;
			productType = "com.apple.product-type.bundle.unit-test";
		};
/* End PBXNativeTarget section */

/* Begin PBXProject section */
		596F72D61CE634720093A6BC /* Project object */ = {
			isa = PBXProject;
			attributes = {
				LastSwiftUpdateCheck = 0730;
				LastUpgradeCheck = 0730;
				ORGANIZATIONNAME = "Alex Lima";
				TargetAttributes = {
					596F72DD1CE634720093A6BC = {
						CreatedOnToolsVersion = 7.3;
					};
					596F72F11CE634730093A6BC = {
						CreatedOnToolsVersion = 7.3;
						TestTargetID = 596F72DD1CE634720093A6BC;
					};
				};
			};
			buildConfigurationList = 596F72D91CE634720093A6BC /* Build configuration list for PBXProject "Alice" */;
			compatibilityVersion = "Xcode 3.2";
			developmentRegion = English;
			hasScannedForEncodings = 0;
			knownRegions = (
				en,
				Base,
			);
			mainGroup = 596F72D51CE634720093A6BC;
			productRefGroup = 596F72DF1CE634720093A6BC /* Products */;
			projectDirPath = "";
			projectRoot = "";
			targets = (
				596F72DD1CE634720093A6BC /* Alice */,
				596F72F11CE634730093A6BC /* AliceTests */,
			);
		};
/* End PBXProject section */

/* Begin PBXResourcesBuildPhase section */
		596F72DC1CE634720093A6BC /* Resources */ = {
			isa = PBXResourcesBuildPhase;
			buildActionMask = 2147483647;
			files = (
				596F72EC1CE634730093A6BC /* LaunchScreen.storyboard in Resources */,
				59A7CF401CE684A200B14C56 /* ExamQuestionTableViewCell.xib in Resources */,
				596F72E91CE634730093A6BC /* Assets.xcassets in Resources */,
				59A7CF281CE6794400B14C56 /* ExamListTableViewCell.xib in Resources */,
				596F72E71CE634730093A6BC /* Main.storyboard in Resources */,
			);
			runOnlyForDeploymentPostprocessing = 0;
		};
		596F72F01CE634730093A6BC /* Resources */ = {
			isa = PBXResourcesBuildPhase;
			buildActionMask = 2147483647;
			files = (
			);
			runOnlyForDeploymentPostprocessing = 0;
		};
/* End PBXResourcesBuildPhase section */

/* Begin PBXShellScriptBuildPhase section */
		581CD1BFBDFCC0D2F1C582DF /* Embed Pods Frameworks */ = {
			isa = PBXShellScriptBuildPhase;
			buildActionMask = 2147483647;
			files = (
			);
			inputPaths = (
			);
			name = "Embed Pods Frameworks";
			outputPaths = (
			);
			runOnlyForDeploymentPostprocessing = 0;
			shellPath = /bin/sh;
			shellScript = "\"${SRCROOT}/Pods/Target Support Files/Pods-Alice/Pods-Alice-frameworks.sh\"\n";
			showEnvVarsInLog = 0;
		};
		CA31ACC250BAE8A38E620EB1 /* Copy Pods Resources */ = {
			isa = PBXShellScriptBuildPhase;
			buildActionMask = 2147483647;
			files = (
			);
			inputPaths = (
			);
			name = "Copy Pods Resources";
			outputPaths = (
			);
			runOnlyForDeploymentPostprocessing = 0;
			shellPath = /bin/sh;
			shellScript = "\"${SRCROOT}/Pods/Target Support Files/Pods-Alice/Pods-Alice-resources.sh\"\n";
			showEnvVarsInLog = 0;
		};
		E870DC528E8ACBBAA0817623 /* Check Pods Manifest.lock */ = {
			isa = PBXShellScriptBuildPhase;
			buildActionMask = 2147483647;
			files = (
			);
			inputPaths = (
			);
			name = "Check Pods Manifest.lock";
			outputPaths = (
			);
			runOnlyForDeploymentPostprocessing = 0;
			shellPath = /bin/sh;
			shellScript = "diff \"${PODS_ROOT}/../Podfile.lock\" \"${PODS_ROOT}/Manifest.lock\" > /dev/null\nif [[ $? != 0 ]] ; then\n    cat << EOM\nerror: The sandbox is not in sync with the Podfile.lock. Run 'pod install' or update your CocoaPods installation.\nEOM\n    exit 1\nfi\n";
			showEnvVarsInLog = 0;
		};
/* End PBXShellScriptBuildPhase section */

/* Begin PBXSourcesBuildPhase section */
		596F72DA1CE634720093A6BC /* Sources */ = {
			isa = PBXSourcesBuildPhase;
			buildActionMask = 2147483647;
			files = (
				59A7CF461CE6A0F800B14C56 /* ExamResultViewController.swift in Sources */,
				59A7CF3F1CE684A200B14C56 /* ExamQuestionTableViewCell.swift in Sources */,
				59A7CF271CE6794400B14C56 /* ExamListTableViewCell.swift in Sources */,
				59A7CF3C1CE6813600B14C56 /* BaseTableViewController.swift in Sources */,
				59A7CF211CE6786A00B14C56 /* ExamTableViewController.swift in Sources */,
				59A7CF3A1CE67FF800B14C56 /* Answer.swift in Sources */,
				59A7CF231CE678DB00B14C56 /* ExamListTableViewController.swift in Sources */,
				596F72E21CE634720093A6BC /* AppDelegate.swift in Sources */,
				59A7CF361CE67F8600B14C56 /* Question.swift in Sources */,
				59A7CF341CE67F4B00B14C56 /* Form.swift in Sources */,
				59A7CF381CE67FC500B14C56 /* Alternative.swift in Sources */,
			);
			runOnlyForDeploymentPostprocessing = 0;
		};
		596F72EE1CE634730093A6BC /* Sources */ = {
			isa = PBXSourcesBuildPhase;
			buildActionMask = 2147483647;
			files = (
				596F72F71CE634730093A6BC /* AliceTests.swift in Sources */,
			);
			runOnlyForDeploymentPostprocessing = 0;
		};
/* End PBXSourcesBuildPhase section */

/* Begin PBXTargetDependency section */
		596F72F41CE634730093A6BC /* PBXTargetDependency */ = {
			isa = PBXTargetDependency;
			target = 596F72DD1CE634720093A6BC /* Alice */;
			targetProxy = 596F72F31CE634730093A6BC /* PBXContainerItemProxy */;
		};
/* End PBXTargetDependency section */

/* Begin PBXVariantGroup section */
		596F72E51CE634730093A6BC /* Main.storyboard */ = {
			isa = PBXVariantGroup;
			children = (
				596F72E61CE634730093A6BC /* Base */,
			);
			name = Main.storyboard;
			sourceTree = "<group>";
		};
		596F72EA1CE634730093A6BC /* LaunchScreen.storyboard */ = {
			isa = PBXVariantGroup;
			children = (
				596F72EB1CE634730093A6BC /* Base */,
			);
			name = LaunchScreen.storyboard;
			sourceTree = "<group>";
		};
/* End PBXVariantGroup section */

/* Begin XCBuildConfiguration section */
		596F72F91CE634730093A6BC /* Debug */ = {
			isa = XCBuildConfiguration;
			buildSettings = {
				ALWAYS_SEARCH_USER_PATHS = NO;
				CLANG_ANALYZER_NONNULL = YES;
				CLANG_CXX_LANGUAGE_STANDARD = "gnu++0x";
				CLANG_CXX_LIBRARY = "libc++";
				CLANG_ENABLE_MODULES = YES;
				CLANG_ENABLE_OBJC_ARC = YES;
				CLANG_WARN_BOOL_CONVERSION = YES;
				CLANG_WARN_CONSTANT_CONVERSION = YES;
				CLANG_WARN_DIRECT_OBJC_ISA_USAGE = YES_ERROR;
				CLANG_WARN_EMPTY_BODY = YES;
				CLANG_WARN_ENUM_CONVERSION = YES;
				CLANG_WARN_INT_CONVERSION = YES;
				CLANG_WARN_OBJC_ROOT_CLASS = YES_ERROR;
				CLANG_WARN_UNREACHABLE_CODE = YES;
				CLANG_WARN__DUPLICATE_METHOD_MATCH = YES;
				"CODE_SIGN_IDENTITY[sdk=iphoneos*]" = "iPhone Developer";
				COPY_PHASE_STRIP = NO;
				DEBUG_INFORMATION_FORMAT = dwarf;
				ENABLE_STRICT_OBJC_MSGSEND = YES;
				ENABLE_TESTABILITY = YES;
				GCC_C_LANGUAGE_STANDARD = gnu99;
				GCC_DYNAMIC_NO_PIC = NO;
				GCC_NO_COMMON_BLOCKS = YES;
				GCC_OPTIMIZATION_LEVEL = 0;
				GCC_PREPROCESSOR_DEFINITIONS = (
					"DEBUG=1",
					"$(inherited)",
				);
				GCC_WARN_64_TO_32_BIT_CONVERSION = YES;
				GCC_WARN_ABOUT_RETURN_TYPE = YES_ERROR;
				GCC_WARN_UNDECLARED_SELECTOR = YES;
				GCC_WARN_UNINITIALIZED_AUTOS = YES_AGGRESSIVE;
				GCC_WARN_UNUSED_FUNCTION = YES;
				GCC_WARN_UNUSED_VARIABLE = YES;
				IPHONEOS_DEPLOYMENT_TARGET = 8.0;
				MTL_ENABLE_DEBUG_INFO = YES;
				ONLY_ACTIVE_ARCH = YES;
				SDKROOT = iphoneos;
				SWIFT_OPTIMIZATION_LEVEL = "-Onone";
			};
			name = Debug;
		};
		596F72FA1CE634730093A6BC /* Release */ = {
			isa = XCBuildConfiguration;
			buildSettings = {
				ALWAYS_SEARCH_USER_PATHS = NO;
				CLANG_ANALYZER_NONNULL = YES;
				CLANG_CXX_LANGUAGE_STANDARD = "gnu++0x";
				CLANG_CXX_LIBRARY = "libc++";
				CLANG_ENABLE_MODULES = YES;
				CLANG_ENABLE_OBJC_ARC = YES;
				CLANG_WARN_BOOL_CONVERSION = YES;
				CLANG_WARN_CONSTANT_CONVERSION = YES;
				CLANG_WARN_DIRECT_OBJC_ISA_USAGE = YES_ERROR;
				CLANG_WARN_EMPTY_BODY = YES;
				CLANG_WARN_ENUM_CONVERSION = YES;
				CLANG_WARN_INT_CONVERSION = YES;
				CLANG_WARN_OBJC_ROOT_CLASS = YES_ERROR;
				CLANG_WARN_UNREACHABLE_CODE = YES;
				CLANG_WARN__DUPLICATE_METHOD_MATCH = YES;
				"CODE_SIGN_IDENTITY[sdk=iphoneos*]" = "iPhone Developer";
				COPY_PHASE_STRIP = NO;
				DEBUG_INFORMATION_FORMAT = "dwarf-with-dsym";
				ENABLE_NS_ASSERTIONS = NO;
				ENABLE_STRICT_OBJC_MSGSEND = YES;
				GCC_C_LANGUAGE_STANDARD = gnu99;
				GCC_NO_COMMON_BLOCKS = YES;
				GCC_WARN_64_TO_32_BIT_CONVERSION = YES;
				GCC_WARN_ABOUT_RETURN_TYPE = YES_ERROR;
				GCC_WARN_UNDECLARED_SELECTOR = YES;
				GCC_WARN_UNINITIALIZED_AUTOS = YES_AGGRESSIVE;
				GCC_WARN_UNUSED_FUNCTION = YES;
				GCC_WARN_UNUSED_VARIABLE = YES;
				IPHONEOS_DEPLOYMENT_TARGET = 8.0;
				MTL_ENABLE_DEBUG_INFO = NO;
				SDKROOT = iphoneos;
				VALIDATE_PRODUCT = YES;
			};
			name = Release;
		};
		596F72FC1CE634730093A6BC /* Debug */ = {
			isa = XCBuildConfiguration;
			baseConfigurationReference = 94D365B9E592CB33EAD81A7B /* Pods-Alice.debug.xcconfig */;
			buildSettings = {
				ASSETCATALOG_COMPILER_APPICON_NAME = AppIcon;
				INFOPLIST_FILE = Alice/Info.plist;
				IPHONEOS_DEPLOYMENT_TARGET = 8.0;
				LD_RUNPATH_SEARCH_PATHS = "$(inherited) @executable_path/Frameworks";
				PRODUCT_BUNDLE_IDENTIFIER = com.mozio.Alice;
				PRODUCT_NAME = "$(TARGET_NAME)";
			};
			name = Debug;
		};
		596F72FD1CE634730093A6BC /* Release */ = {
			isa = XCBuildConfiguration;
			baseConfigurationReference = 968E191A102ADC34C438AA8F /* Pods-Alice.release.xcconfig */;
			buildSettings = {
				ASSETCATALOG_COMPILER_APPICON_NAME = AppIcon;
				INFOPLIST_FILE = Alice/Info.plist;
				IPHONEOS_DEPLOYMENT_TARGET = 8.0;
				LD_RUNPATH_SEARCH_PATHS = "$(inherited) @executable_path/Frameworks";
				PRODUCT_BUNDLE_IDENTIFIER = com.mozio.Alice;
				PRODUCT_NAME = "$(TARGET_NAME)";
			};
			name = Release;
		};
		596F72FF1CE634730093A6BC /* Debug */ = {
			isa = XCBuildConfiguration;
			buildSettings = {
				BUNDLE_LOADER = "$(TEST_HOST)";
				INFOPLIST_FILE = AliceTests/Info.plist;
				LD_RUNPATH_SEARCH_PATHS = "$(inherited) @executable_path/Frameworks @loader_path/Frameworks";
				PRODUCT_BUNDLE_IDENTIFIER = com.mozio.AliceTests;
				PRODUCT_NAME = "$(TARGET_NAME)";
				TEST_HOST = "$(BUILT_PRODUCTS_DIR)/Alice.app/Alice";
			};
			name = Debug;
		};
		596F73001CE634730093A6BC /* Release */ = {
			isa = XCBuildConfiguration;
			buildSettings = {
				BUNDLE_LOADER = "$(TEST_HOST)";
				INFOPLIST_FILE = AliceTests/Info.plist;
				LD_RUNPATH_SEARCH_PATHS = "$(inherited) @executable_path/Frameworks @loader_path/Frameworks";
				PRODUCT_BUNDLE_IDENTIFIER = com.mozio.AliceTests;
				PRODUCT_NAME = "$(TARGET_NAME)";
				TEST_HOST = "$(BUILT_PRODUCTS_DIR)/Alice.app/Alice";
			};
			name = Release;
		};
/* End XCBuildConfiguration section */

/* Begin XCConfigurationList section */
		596F72D91CE634720093A6BC /* Build configuration list for PBXProject "Alice" */ = {
			isa = XCConfigurationList;
			buildConfigurations = (
				596F72F91CE634730093A6BC /* Debug */,
				596F72FA1CE634730093A6BC /* Release */,
			);
			defaultConfigurationIsVisible = 0;
			defaultConfigurationName = Release;
		};
		596F72FB1CE634730093A6BC /* Build configuration list for PBXNativeTarget "Alice" */ = {
			isa = XCConfigurationList;
			buildConfigurations = (
				596F72FC1CE634730093A6BC /* Debug */,
				596F72FD1CE634730093A6BC /* Release */,
			);
			defaultConfigurationIsVisible = 0;
			defaultConfigurationName = Release;
		};
		596F72FE1CE634730093A6BC /* Build configuration list for PBXNativeTarget "AliceTests" */ = {
			isa = XCConfigurationList;
			buildConfigurations = (
				596F72FF1CE634730093A6BC /* Debug */,
				596F73001CE634730093A6BC /* Release */,
			);
			defaultConfigurationIsVisible = 0;
			defaultConfigurationName = Release;
		};
/* End XCConfigurationList section */
	};
	rootObject = 596F72D61CE634720093A6BC /* Project object */;
}
